
Microsoft Visual Studio Solution File, Format Version 12.00
# Visual Studio 15
VisualStudioVersion = 15.0.28010.2046
MinimumVisualStudioVersion = 10.0.40219.1
Project("{FAE04EC0-301F-11D3-BF4B-00C04F79EFBC}") = "Codezany.Android", "Codezany\Codezany.Android\Codezany.Android.csproj", "{2180D7A1-4A5B-40E7-9507-DE6FBEF819F2}"
EndProject
Project("{FAE04EC0-301F-11D3-BF4B-00C04F79EFBC}") = "Codezany.iOS", "Codezany\Codezany.iOS\Codezany.iOS.csproj", "{67D6433C-5E5B-4AE5-8D05-15B3E35A6801}"
EndProject
Project("{FAE04EC0-301F-11D3-BF4B-00C04F79EFBC}") = "Codezany", "Codezany\Codezany\Codezany.csproj", "{DAA4CD1C-5704-486B-8B79-5836F7E772FF}"
EndProject
Global
	GlobalSection(SolutionConfigurationPlatforms) = preSolution
		Ad-Hoc|Any CPU = Ad-Hoc|Any CPU
		Ad-Hoc|iPhone = Ad-Hoc|iPhone
		Ad-Hoc|iPhoneSimulator = Ad-Hoc|iPhoneSimulator
		AppStore|Any CPU = AppStore|Any CPU
		AppStore|iPhone = AppStore|iPhone
		AppStore|iPhoneSimulator = AppStore|iPhoneSimulator
		Debug|Any CPU = Debug|Any CPU
		Debug|iPhone = Debug|iPhone
		Debug|iPhoneSimulator = Debug|iPhoneSimulator
		Release|Any CPU = Release|Any CPU
		Release|iPhone = Release|iPhone
		Release|iPhoneSimulator = Release|iPhoneSimulator
	EndGlobalSection
	GlobalSection(ProjectConfigurationPlatforms) = postSolution
		{2180D7A1-4A5B-40E7-9507-DE6FBEF819F2}.Ad-Hoc|Any CPU.ActiveCfg = Release|Any CPU
		{2180D7A1-4A5B-40E7-9507-DE6FBEF819F2}.Ad-Hoc|Any CPU.Build.0 = Release|Any CPU
		{2180D7A1-4A5B-40E7-9507-DE6FBEF819F2}.Ad-Hoc|Any CPU.Deploy.0 = Release|Any CPU
		{2180D7A1-4A5B-40E7-9507-DE6FBEF819F2}.Ad-Hoc|iPhone.ActiveCfg = Release|Any CPU
		{2180D7A1-4A5B-40E7-9507-DE6FBEF819F2}.Ad-Hoc|iPhone.Build.0 = Release|Any CPU
		{2180D7A1-4A5B-40E7-9507-DE6FBEF819F2}.Ad-Hoc|iPhone.Deploy.0 = Release|Any CPU
		{2180D7A1-4A5B-40E7-9507-DE6FBEF819F2}.Ad-Hoc|iPhoneSimulator.ActiveCfg = Release|Any CPU
		{2180D7A1-4A5B-40E7-9507-DE6FBEF819F2}.Ad-Hoc|iPhoneSimulator.Build.0 = Release|Any CPU
		{2180D7A1-4A5B-40E7-9507-DE6FBEF819F2}.Ad-Hoc|iPhoneSimulator.Deploy.0 = Release|Any CPU
		{2180D7A1-4A5B-40E7-9507-DE6FBEF819F2}.AppStore|Any CPU.ActiveCfg = Release|Any CPU
		{2180D7A1-4A5B-40E7-9507-DE6FBEF819F2}.AppStore|Any CPU.Build.0 = Release|Any CPU
		{2180D7A1-4A5B-40E7-9507-DE6FBEF819F2}.AppStore|Any CPU.Deploy.0 = Release|Any CPU
		{2180D7A1-4A5B-40E7-9507-DE6FBEF819F2}.AppStore|iPhone.ActiveCfg = Release|Any CPU
		{2180D7A1-4A5B-40E7-9507-DE6FBEF819F2}.AppStore|iPhone.Build.0 = Release|Any CPU
		{2180D7A1-4A5B-40E7-9507-DE6FBEF819F2}.AppStore|iPhone.Deploy.0 = Release|Any CPU
		{2180D7A1-4A5B-40E7-9507-DE6FBEF819F2}.AppStore|iPhoneSimulator.ActiveCfg = Release|Any CPU
		{2180D7A1-4A5B-40E7-9507-DE6FBEF819F2}.AppStore|iPhoneSimulator.Build.0 = Release|Any CPU
		{2180D7A1-4A5B-40E7-9507-DE6FBEF819F2}.AppStore|iPhoneSimulator.Deploy.0 = Release|Any CPU
		{2180D7A1-4A5B-40E7-9507-DE6FBEF819F2}.Debug|Any CPU.ActiveCfg = Debug|Any CPU
		{2180D7A1-4A5B-40E7-9507-DE6FBEF819F2}.Debug|Any CPU.Build.0 = Debug|Any CPU
		{2180D7A1-4A5B-40E7-9507-DE6FBEF819F2}.Debug|Any CPU.Deploy.0 = Debug|Any CPU
		{2180D7A1-4A5B-40E7-9507-DE6FBEF819F2}.Debug|iPhone.ActiveCfg = Debug|Any CPU
		{2180D7A1-4A5B-40E7-9507-DE6FBEF819F2}.Debug|iPhone.Build.0 = Debug|Any CPU
		{2180D7A1-4A5B-40E7-9507-DE6FBEF819F2}.Debug|iPhone.Deploy.0 = Debug|Any CPU
		{2180D7A1-4A5B-40E7-9507-DE6FBEF819F2}.Debug|iPhoneSimulator.ActiveCfg = Debug|Any CPU
		{2180D7A1-4A5B-40E7-9507-DE6FBEF819F2}.Debug|iPhoneSimulator.Build.0 = Debug|Any CPU
		{2180D7A1-4A5B-40E7-9507-DE6FBEF819F2}.Debug|iPhoneSimulator.Deploy.0 = Debug|Any CPU
		{2180D7A1-4A5B-40E7-9507-DE6FBEF819F2}.Release|Any CPU.ActiveCfg = Release|Any CPU
		{2180D7A1-4A5B-40E7-9507-DE6FBEF819F2}.Release|Any CPU.Build.0 = Release|Any CPU
		{2180D7A1-4A5B-40E7-9507-DE6FBEF819F2}.Release|Any CPU.Deploy.0 = Release|Any CPU
		{2180D7A1-4A5B-40E7-9507-DE6FBEF819F2}.Release|iPhone.ActiveCfg = Release|Any CPU
		{2180D7A1-4A5B-40E7-9507-DE6FBEF819F2}.Release|iPhone.Build.0 = Release|Any CPU
		{2180D7A1-4A5B-40E7-9507-DE6FBEF819F2}.Release|iPhone.Deploy.0 = Release|Any CPU
		{2180D7A1-4A5B-40E7-9507-DE6FBEF819F2}.Release|iPhoneSimulator.ActiveCfg = Release|Any CPU
		{2180D7A1-4A5B-40E7-9507-DE6FBEF819F2}.Release|iPhoneSimulator.Build.0 = Release|Any CPU
		{2180D7A1-4A5B-40E7-9507-DE6FBEF819F2}.Release|iPhoneSimulator.Deploy.0 = Release|Any CPU
		{67D6433C-5E5B-4AE5-8D05-15B3E35A6801}.Ad-Hoc|Any CPU.ActiveCfg = Ad-Hoc|iPhone
		{67D6433C-5E5B-4AE5-8D05-15B3E35A6801}.Ad-Hoc|Any CPU.Build.0 = Ad-Hoc|iPhone
		{67D6433C-5E5B-4AE5-8D05-15B3E35A6801}.Ad-Hoc|Any CPU.Deploy.0 = Ad-Hoc|iPhone
		{67D6433C-5E5B-4AE5-8D05-15B3E35A6801}.Ad-Hoc|iPhone.ActiveCfg = Ad-Hoc|iPhone
		{67D6433C-5E5B-4AE5-8D05-15B3E35A6801}.Ad-Hoc|iPhone.Build.0 = Ad-Hoc|iPhone
		{67D6433C-5E5B-4AE5-8D05-15B3E35A6801}.Ad-Hoc|iPhone.Deploy.0 = Ad-Hoc|iPhone
		{67D6433C-5E5B-4AE5-8D05-15B3E35A6801}.Ad-Hoc|iPhoneSimulator.ActiveCfg = Ad-Hoc|iPhoneSimulator
		{67D6433C-5E5B-4AE5-8D05-15B3E35A6801}.Ad-Hoc|iPhoneSimulator.Build.0 = Ad-Hoc|iPhoneSimulator
		{67D6433C-5E5B-4AE5-8D05-15B3E35A6801}.Ad-Hoc|iPhoneSimulator.Deploy.0 = Ad-Hoc|iPhoneSimulator
		{67D6433C-5E5B-4AE5-8D05-15B3E35A6801}.AppStore|Any CPU.ActiveCfg = AppStore|iPhone
		{67D6433C-5E5B-4AE5-8D05-15B3E35A6801}.AppStore|Any CPU.Build.0 = AppStore|iPhone
		{67D6433C-5E5B-4AE5-8D05-15B3E35A6801}.AppStore|Any CPU.Deploy.0 = AppStore|iPhone
		{67D6433C-5E5B-4AE5-8D05-15B3E35A6801}.AppStore|iPhone.ActiveCfg = AppStore|iPhone
		{67D6433C-5E5B-4AE5-8D05-15B3E35A6801}.AppStore|iPhone.Build.0 = AppStore|iPhone
		{67D6433C-5E5B-4AE5-8D05-15B3E35A6801}.AppStore|iPhone.Deploy.0 = AppStore|iPhone
		{67D6433C-5E5B-4AE5-8D05-15B3E35A6801}.AppStore|iPhoneSimulator.ActiveCfg = AppStore|iPhoneSimulator
		{67D6433C-5E5B-4AE5-8D05-15B3E35A6801}.AppStore|iPhoneSimulator.Build.0 = AppStore|iPhoneSimulator
		{67D6433C-5E5B-4AE5-8D05-15B3E35A6801}.AppStore|iPhoneSimulator.Deploy.0 = AppStore|iPhoneSimulator
		{67D6433C-5E5B-4AE5-8D05-15B3E35A6801}.Debug|Any CPU.ActiveCfg = Debug|iPhoneSimulator
		{67D6433C-5E5B-4AE5-8D05-15B3E35A6801}.Debug|Any CPU.Build.0 = Debug|iPhoneSimulator
		{67D6433C-5E5B-4AE5-8D05-15B3E35A6801}.Debug|Any CPU.Deploy.0 = Debug|iPhoneSimulator
		{67D6433C-5E5B-4AE5-8D05-15B3E35A6801}.Debug|iPhone.ActiveCfg = Debug|iPhone
		{67D6433C-5E5B-4AE5-8D05-15B3E35A6801}.Debug|iPhone.Build.0 = Debug|iPhone
		{67D6433C-5E5B-4AE5-8D05-15B3E35A6801}.Debug|iPhone.Deploy.0 = Debug|iPhone
		{67D6433C-5E5B-4AE5-8D05-15B3E35A6801}.Debug|iPhoneSimulator.ActiveCfg = Debug|iPhoneSimulator
		{67D6433C-5E5B-4AE5-8D05-15B3E35A6801}.Debug|iPhoneSimulator.Build.0 = Debug|iPhoneSimulator
		{67D6433C-5E5B-4AE5-8D05-15B3E35A6801}.Debug|iPhoneSimulator.Deploy.0 = Debug|iPhoneSimulator
		{67D6433C-5E5B-4AE5-8D05-15B3E35A6801}.Release|Any CPU.ActiveCfg = Release|iPhone
		{67D6433C-5E5B-4AE5-8D05-15B3E35A6801}.Release|Any CPU.Build.0 = Release|iPhone
		{67D6433C-5E5B-4AE5-8D05-15B3E35A6801}.Release|Any CPU.Deploy.0 = Release|iPhone
		{67D6433C-5E5B-4AE5-8D05-15B3E35A6801}.Release|iPhone.ActiveCfg = Release|iPhone
		{67D6433C-5E5B-4AE5-8D05-15B3E35A6801}.Release|iPhone.Build.0 = Release|iPhone
		{67D6433C-5E5B-4AE5-8D05-15B3E35A6801}.Release|iPhone.Deploy.0 = Release|iPhone
		{67D6433C-5E5B-4AE5-8D05-15B3E35A6801}.Release|iPhoneSimulator.ActiveCfg = Release|iPhoneSimulator
		{67D6433C-5E5B-4AE5-8D05-15B3E35A6801}.Release|iPhoneSimulator.Build.0 = Release|iPhoneSimulator
		{67D6433C-5E5B-4AE5-8D05-15B3E35A6801}.Release|iPhoneSimulator.Deploy.0 = Release|iPhoneSimulator
		{DAA4CD1C-5704-486B-8B79-5836F7E772FF}.Ad-Hoc|Any CPU.ActiveCfg = Debug|Any CPU
		{DAA4CD1C-5704-486B-8B79-5836F7E772FF}.Ad-Hoc|Any CPU.Build.0 = Debug|Any CPU
		{DAA4CD1C-5704-486B-8B79-5836F7E772FF}.Ad-Hoc|Any CPU.Deploy.0 = Debug|Any CPU
		{DAA4CD1C-5704-486B-8B79-5836F7E772FF}.Ad-Hoc|iPhone.ActiveCfg = Debug|Any CPU
		{DAA4CD1C-5704-486B-8B79-5836F7E772FF}.Ad-Hoc|iPhone.Build.0 = Debug|Any CPU
		{DAA4CD1C-5704-486B-8B79-5836F7E772FF}.Ad-Hoc|iPhone.Deploy.0 = Debug|Any CPU
		{DAA4CD1C-5704-486B-8B79-5836F7E772FF}.Ad-Hoc|iPhoneSimulator.ActiveCfg = Debug|Any CPU
		{DAA4CD1C-5704-486B-8B79-5836F7E772FF}.Ad-Hoc|iPhoneSimulator.Build.0 = Debug|Any CPU
		{DAA4CD1C-5704-486B-8B79-5836F7E772FF}.Ad-Hoc|iPhoneSimulator.Deploy.0 = Debug|Any CPU
		{DAA4CD1C-5704-486B-8B79-5836F7E772FF}.AppStore|Any CPU.ActiveCfg = Debug|Any CPU
		{DAA4CD1C-5704-486B-8B79-5836F7E772FF}.AppStore|Any CPU.Build.0 = Debug|Any CPU
		{DAA4CD1C-5704-486B-8B79-5836F7E772FF}.AppStore|Any CPU.Deploy.0 = Debug|Any CPU
		{DAA4CD1C-5704-486B-8B79-5836F7E772FF}.AppStore|iPhone.ActiveCfg = Debug|Any CPU
		{DAA4CD1C-5704-486B-8B79-5836F7E772FF}.AppStore|iPhone.Build.0 = Debug|Any CPU
		{DAA4CD1C-5704-486B-8B79-5836F7E772FF}.AppStore|iPhone.Deploy.0 = Debug|Any CPU
		{DAA4CD1C-5704-486B-8B79-5836F7E772FF}.AppStore|iPhoneSimulator.ActiveCfg = Debug|Any CPU
		{DAA4CD1C-5704-486B-8B79-5836F7E772FF}.AppStore|iPhoneSimulator.Build.0 = Debug|Any CPU
		{DAA4CD1C-5704-486B-8B79-5836F7E772FF}.AppStore|iPhoneSimulator.Deploy.0 = Debug|Any CPU
		{DAA4CD1C-5704-486B-8B79-5836F7E772FF}.Debug|Any CPU.ActiveCfg = Debug|Any CPU
		{DAA4CD1C-5704-486B-8B79-5836F7E772FF}.Debug|Any CPU.Build.0 = Debug|Any CPU
		{DAA4CD1C-5704-486B-8B79-5836F7E772FF}.Debug|Any CPU.Deploy.0 = Debug|Any CPU
		{DAA4CD1C-5704-486B-8B79-5836F7E772FF}.Debug|iPhone.ActiveCfg = Debug|Any CPU
		{DAA4CD1C-5704-486B-8B79-5836F7E772FF}.Debug|iPhone.Build.0 = Debug|Any CPU
		{DAA4CD1C-5704-486B-8B79-5836F7E772FF}.Debug|iPhone.Deploy.0 = Debug|Any CPU
		{DAA4CD1C-5704-486B-8B79-5836F7E772FF}.Debug|iPhoneSimulator.ActiveCfg = Debug|Any CPU
		{DAA4CD1C-5704-486B-8B79-5836F7E772FF}.Debug|iPhoneSimulator.Build.0 = Debug|Any CPU
		{DAA4CD1C-5704-486B-8B79-5836F7E772FF}.Debug|iPhoneSimulator.Deploy.0 = Debug|Any CPU
		{DAA4CD1C-5704-486B-8B79-5836F7E772FF}.Release|Any CPU.ActiveCfg = Release|Any CPU
		{DAA4CD1C-5704-486B-8B79-5836F7E772FF}.Release|Any CPU.Build.0 = Release|Any CPU
		{DAA4CD1C-5704-486B-8B79-5836F7E772FF}.Release|Any CPU.Deploy.0 = Release|Any CPU
		{DAA4CD1C-5704-486B-8B79-5836F7E772FF}.Release|iPhone.ActiveCfg = Release|Any CPU
		{DAA4CD1C-5704-486B-8B79-5836F7E772FF}.Release|iPhone.Build.0 = Release|Any CPU
		{DAA4CD1C-5704-486B-8B79-5836F7E772FF}.Release|iPhone.Deploy.0 = Release|Any CPU
		{DAA4CD1C-5704-486B-8B79-5836F7E772FF}.Release|iPhoneSimulator.ActiveCfg = Release|Any CPU
		{DAA4CD1C-5704-486B-8B79-5836F7E772FF}.Release|iPhoneSimulator.Build.0 = Release|Any CPU
		{DAA4CD1C-5704-486B-8B79-5836F7E772FF}.Release|iPhoneSimulator.Deploy.0 = Release|Any CPU
	EndGlobalSection
	GlobalSection(SolutionProperties) = preSolution
		HideSolutionNode = FALSE
	EndGlobalSection
	GlobalSection(ExtensibilityGlobals) = postSolution
		SolutionGuid = {825DB021-09C3-471B-9F17-BBDF00D3761E}
	EndGlobalSection
EndGlobal
